{
  "lockfileVersion": 1,
  "configVersion": 1,
  "workspaces": {
    "": {
      "name": "powderworks-docs",
      "dependencies": {
        "highlight.js": "^11.12.0",
        "marked": "^16.4.1",
        "smol-toml": "^1.8.0",
      },
    },
  },
  "packages": {
    "highlight.js": ["highlight.js@11.12.0", "", {}, "sha512-nbfWpyRMcMrPMmDwJB+dhX/eiaPKtc2RB+0QZskqJ3WjRA/FDS0e9hZrx8EC/lbEv8gXy98FcDbNa/dspAaJMg=="],

    "marked": ["marked@16.4.2", "", { "bin": { "marked": "bin/marked.js" } }, "sha512-TI3V8YYWvkVf3KJe1dRkpnjs68JUPyEa5vjKrp1XEEJUAOaQc+Qj+L1qWbPd0SJuAdQkFU0h73sXXqwDYxsiDA=="],

    "smol-toml": ["smol-toml@1.8.0", "", {}, "sha512-kCZr2V3ch9i00x8zXRhjUNVcjG9ijES5dDudkXvUVCT5QlJNQWElSJdZqyPemffHoLNUYwOcou0Fy+ojN0uHSQ=="],
  }
}
